# This file is automatically @generated by Cargo.
# It is not intended for manual editing.
version = 3

[[package]]
name = "concurrency-with-rust"
version = "0.1.0"

[[package]]
name = "divide_work"
version = "0.1.0"

[[package]]
name = "mutexes"
version = "0.1.0"

[[package]]
name = "not-a-footgun"
version = "0.1.0"

[[package]]
name = "scoped_threads"
version = "0.1.0"

[[package]]
name = "thread_builder"
version = "0.1.0"
